// !$*UTF8*$!
{
	archiveVersion = 1;
	classes = {
	};
	objectVersion = 46;
	objects = {

/* Begin PBXBuildFile section */
		A589071E1C83D34E000735AC /* main.m in Sources */ = {isa = PBXBuildFile; fileRef = A589071D1C83D34E000735AC /* main.m */; };
		A58907211C83D34E000735AC /* AppDelegate.m in Sources */ = {isa = PBXBuildFile; fileRef = A58907201C83D34E000735AC /* AppDelegate.m */; };
		A58907241C83D34E000735AC /* ViewController.m in Sources */ = {isa = PBXBuildFile; fileRef = A58907231C83D34E000735AC /* ViewController.m */; };
		A58907271C83D34E000735AC /* Main.storyboard in Resources */ = {isa = PBXBuildFile; fileRef = A58907251C83D34E000735AC /* Main.storyboard */; };
		A58907291C83D34E000735AC /* Assets.xcassets in Resources */ = {isa = PBXBuildFile; fileRef = A58907281C83D34E000735AC /* Assets.xcassets */; };
		A589072C1C83D34E000735AC /* LaunchScreen.storyboard in Resources */ = {isa = PBXBuildFile; fileRef = A589072A1C83D34E000735AC /* LaunchScreen.storyboard */; };
		A58907351C83ED3D000735AC /* ViewController2.m in Sources */ = {isa = PBXBuildFile; fileRef = A58907341C83ED3D000735AC /* ViewController2.m */; };
		A58907371C83ED83000735AC /* 1.jpg in Resources */ = {isa = PBXBuildFile; fileRef = A58907361C83ED83000735AC /* 1.jpg */; };
/* End PBXBuildFile section */

/* Begin PBXFileReference section */
		A58907191C83D34E000735AC /* UIScrollViewDemo.app */ = {isa = PBXFileReference; explicitFileType = wrapper.application; includeInIndex = 0; path = UIScrollViewDemo.app; sourceTree = BUILT_PRODUCTS_DIR; };
		A589071D1C83D34E000735AC /* main.m */ = {isa = PBXFileReference; lastKnownFileType = sourcecode.c.objc; path = main.m; sourceTree = "<group>"; };
		A589071F1C83D34E000735AC /* AppDelegate.h */ = {isa = PBXFileReference; lastKnownFileType = sourcecode.c.h; path = AppDelegate.h; sourceTree = "<group>"; };
		A58907201C83D34E000735AC /* AppDelegate.m */ = {isa = PBXFileReference; lastKnownFileType = sourcecode.c.objc; path = AppDelegate.m; sourceTree = "<group>"; };
		A58907221C83D34E000735AC /* ViewController.h */ = {isa = PBXFileReference; lastKnownFileType = sourcecode.c.h; path = ViewController.h; sourceTree = "<group>"; };
		A58907231C83D34E000735AC /* ViewController.m */ = {isa = PBXFileReference; lastKnownFileType = sourcecode.c.objc; path = ViewController.m; sourceTree = "<group>"; };
		A58907261C83D34E000735AC /* Base */ = {isa = PBXFileReference; lastKnownFileType = file.storyboard; name = Base; path = Base.lproj/Main.storyboard; sourceTree = "<group>"; };
		A58907281C83D34E000735AC /* Assets.xcassets */ = {isa = PBXFileReference; lastKnownFileType = folder.assetcatalog; path = Assets.xcassets; sourceTree = "<group>"; };
		A589072B1C83D34E000735AC /* Base */ = {isa = PBXFileReference; lastKnownFileType = file.storyboard; name = Base; path = Base.lproj/LaunchScreen.storyboard; sourceTree = "<group>"; };
		A589072D1C83D34E000735AC /* Info.plist */ = {isa = PBXFileReference; lastKnownFileType = text.plist.xml; path = Info.plist; sourceTree = "<group>"; };
		A58907331C83ED3D000735AC /* ViewController2.h */ = {isa = PBXFileReference; fileEncoding = 4; lastKnownFileType = sourcecode.c.h; path = ViewController2.h; sourceTree = "<group>"; };
		A58907341C83ED3D000735AC /* ViewController2.m */ = {isa = PBXFileReference; fileEncoding = 4; lastKnownFileType = sourcecode.c.objc; path = ViewController2.m; sourceTree = "<group>"; };
		A58907361C83ED83000735AC /* 1.jpg */ = {isa = PBXFileReference; lastKnownFileType = image.jpeg; path = 1.jpg; sourceTree = "<group>"; };
/* End PBXFileReference section */

/* Begin PBXFrameworksBuildPhase section */
		A58907161C83D34E000735AC /* Frameworks */ = {
			isa = PBXFrameworksBuildPhase;
			buildActionMask = 2147483647;
			files = (
			);
			runOnlyForDeploymentPostprocessing = 0;
		};
/* End PBXFrameworksBuildPhase section */

/* Begin PBXGroup section */
		A58907101C83D34E000735AC = {
			isa = PBXGroup;
			children = (
				A589071B1C83D34E000735AC /* UIScrollViewDemo */,
				A589071A1C83D34E000735AC /* Products */,
			);
			sourceTree = "<group>";
		};
		A589071A1C83D34E000735AC /* Products */ = {
			isa = PBXGroup;
			children = (
				A58907191C83D34E000735AC /* UIScrollViewDemo.app */,
			);
			name = Products;
			sourceTree = "<group>";
		};
		A589071B1C83D34E000735AC /* UIScrollViewDemo */ = {
			isa = PBXGroup;
			children = (
				A58907361C83ED83000735AC /* 1.jpg */,
				A589071F1C83D34E000735AC /* AppDelegate.h */,
				A58907201C83D34E000735AC /* AppDelegate.m */,
				A58907221C83D34E000735AC /* ViewController.h */,
				A58907231C83D34E000735AC /* ViewController.m */,
				A58907251C83D34E000735AC /* Main.storyboard */,
				A58907331C83ED3D000735AC /* ViewController2.h */,
				A58907341C83ED3D000735AC /* ViewController2.m */,
				A58907281C83D34E000735AC /* Assets.xcassets */,
				A589072A1C83D34E000735AC /* LaunchScreen.storyboard */,
				A589072D1C83D34E000735AC /* Info.plist */,
				A589071C1C83D34E000735AC /* Supporting Files */,
			);
			path = UIScrollViewDemo;
			sourceTree = "<group>";
		};
		A589071C1C83D34E000735AC /* Supporting Files */ = {
			isa = PBXGroup;
			children = (
				A589071D1C83D34E000735AC /* main.m */,
			);
			name = "Supporting Files";
			sourceTree = "<group>";
		};
/* End PBXGroup section */

/* Begin PBXNativeTarget section */
		A58907181C83D34E000735AC /* UIScrollViewDemo */ = {
			isa = PBXNativeTarget;
			buildConfigurationList = A58907301C83D34E000735AC /* Build configuration list for PBXNativeTarget "UIScrollViewDemo" */;
			buildPhases = (
				A58907151C83D34E000735AC /* Sources */,
				A58907161C83D34E000735AC /* Frameworks */,
				A58907171C83D34E000735AC /* Resources */,
			);
			buildRules = (
			);
			dependencies = (
			);
			name = UIScrollViewDemo;
			productName = UIScrollViewDemo;
			productReference = A58907191C83D34E000735AC /* UIScrollViewDemo.app */;
			productType = "com.apple.product-type.application";
		};
/* End PBXNativeTarget section */

/* Begin PBXProject section */
		A58907111C83D34E000735AC /* Project object */ = {
			isa = PBXProject;
			attributes = {
				LastUpgradeCheck = 0720;
				ORGANIZATIONNAME = NIIT;
				TargetAttributes = {
					A58907181C83D34E000735AC = {
						CreatedOnToolsVersion = 7.2.1;
						DevelopmentTeam = 94V3K52A79;
					};
				};
			};
			buildConfigurationList = A58907141C83D34E000735AC /* Build configuration list for PBXProject "UIScrollViewDemo" */;
			compatibilityVersion = "Xcode 3.2";
			developmentRegion = English;
			hasScannedForEncodings = 0;
			knownRegions = (
				en,
				Base,
			);
			mainGroup = A58907101C83D34E000735AC;
			productRefGroup = A589071A1C83D34E000735AC /* Products */;
			projectDirPath = "";
			projectRoot = "";
			targets = (
				A58907181C83D34E000735AC /* UIScrollViewDemo */,
			);
		};
/* End PBXProject section */

/* Begin PBXResourcesBuildPhase section */
		A58907171C83D34E000735AC /* Resources */ = {
			isa = PBXResourcesBuildPhase;
			buildActionMask = 2147483647;
			files = (
				A589072C1C83D34E000735AC /* LaunchScreen.storyboard in Resources */,
				A58907371C83ED83000735AC /* 1.jpg in Resources */,
				A58907291C83D34E000735AC /* Assets.xcassets in Resources */,
				A58907271C83D34E000735AC /* Main.storyboard in Resources */,
			);
			runOnlyForDeploymentPostprocessing = 0;
		};
/* End PBXResourcesBuildPhase section */

/* Begin PBXSourcesBuildPhase section */
		A58907151C83D34E000735AC /* Sources */ = {
			isa = PBXSourcesBuildPhase;
			buildActionMask = 2147483647;
			files = (
				A58907241C83D34E000735AC /* ViewController.m in Sources */,
				A58907351C83ED3D000735AC /* ViewController2.m in Sources */,
				A58907211C83D34E000735AC /* AppDelegate.m in Sources */,
				A589071E1C83D34E000735AC /* main.m in Sources */,
			);
			runOnlyForDeploymentPostprocessing = 0;
		};
/* End PBXSourcesBuildPhase section */

/* Begin PBXVariantGroup section */
		A58907251C83D34E000735AC /* Main.storyboard */ = {
			isa = PBXVariantGroup;
			children = (
				A58907261C83D34E000735AC /* Base */,
			);
			name = Main.storyboard;
			sourceTree = "<group>";
		};
		A589072A1C83D34E000735AC /* LaunchScreen.storyboard */ = {
			isa = PBXVariantGroup;
			children = (
				A589072B1C83D34E000735AC /* Base */,
			);
			name = LaunchScreen.storyboard;
			sourceTree = "<group>";
		};
/* End PBXVariantGroup section */

/* Begin XCBuildConfiguration section */
		A589072E1C83D34E000735AC /* Debug */ = {
			isa = XCBuildConfiguration;
			buildSettings = {
				ALWAYS_SEARCH_USER_PATHS = NO;
				CLANG_CXX_LANGUAGE_STANDARD = "gnu++0x";
				CLANG_CXX_LIBRARY = "libc++";
				CLANG_ENABLE_MODULES = YES;
				CLANG_ENABLE_OBJC_ARC = YES;
				CLANG_WARN_BOOL_CONVERSION = YES;
				CLANG_WARN_CONSTANT_CONVERSION = YES;
				CLANG_WARN_DIRECT_OBJC_ISA_USAGE = YES_ERROR;
				CLANG_WARN_EMPTY_BODY = YES;
				CLANG_WARN_ENUM_CONVERSION = YES;
				CLANG_WARN_INT_CONVERSION = YES;
				CLANG_WARN_OBJC_ROOT_CLASS = YES_ERROR;
				CLANG_WARN_UNREACHABLE_CODE = YES;
				CLANG_WARN__DUPLICATE_METHOD_MATCH = YES;
				"CODE_SIGN_IDENTITY[sdk=iphoneos*]" = "iPhone Developer";
				COPY_PHASE_STRIP = NO;
				DEBUG_INFORMATION_FORMAT = dwarf;
				ENABLE_STRICT_OBJC_MSGSEND = YES;
				ENABLE_TESTABILITY = YES;
				GCC_C_LANGUAGE_STANDARD = gnu99;
				GCC_DYNAMIC_NO_PIC = NO;
				GCC_NO_COMMON_BLOCKS = YES;
				GCC_OPTIMIZATION_LEVEL = 0;
				GCC_PREPROCESSOR_DEFINITIONS = (
					"DEBUG=1",
					"$(inherited)",
				);
				GCC_WARN_64_TO_32_BIT_CONVERSION = YES;
				GCC_WARN_ABOUT_RETURN_TYPE = YES_ERROR;
				GCC_WARN_UNDECLARED_SELECTOR = YES;
				GCC_WARN_UNINITIALIZED_AUTOS = YES_AGGRESSIVE;
				GCC_WARN_UNUSED_FUNCTION = YES;
				GCC_WARN_UNUSED_VARIABLE = YES;
				IPHONEOS_DEPLOYMENT_TARGET = 9.2;
				MTL_ENABLE_DEBUG_INFO = YES;
				ONLY_ACTIVE_ARCH = YES;
				SDKROOT = iphoneos;
			};
			name = Debug;
		};
		A589072F1C83D34E000735AC /* Release */ = {
			isa = XCBuildConfiguration;
			buildSettings = {
				ALWAYS_SEARCH_USER_PATHS = NO;
				CLANG_CXX_LANGUAGE_STANDARD = "gnu++0x";
				CLANG_CXX_LIBRARY = "libc++";
				CLANG_ENABLE_MODULES = YES;
				CLANG_ENABLE_OBJC_ARC = YES;
				CLANG_WARN_BOOL_CONVERSION = YES;
				CLANG_WARN_CONSTANT_CONVERSION = YES;
				CLANG_WARN_DIRECT_OBJC_ISA_USAGE = YES_ERROR;
				CLANG_WARN_EMPTY_BODY = YES;
				CLANG_WARN_ENUM_CONVERSION = YES;
				CLANG_WARN_INT_CONVERSION = YES;
				CLANG_WARN_OBJC_ROOT_CLASS = YES_ERROR;
				CLANG_WARN_UNREACHABLE_CODE = YES;
				CLANG_WARN__DUPLICATE_METHOD_MATCH = YES;
				"CODE_SIGN_IDENTITY[sdk=iphoneos*]" = "iPhone Developer";
				COPY_PHASE_STRIP = NO;
				DEBUG_INFORMATION_FORMAT = "dwarf-with-dsym";
				ENABLE_NS_ASSERTIONS = NO;
				ENABLE_STRICT_OBJC_MSGSEND = YES;
				GCC_C_LANGUAGE_STANDARD = gnu99;
				GCC_NO_COMMON_BLOCKS = YES;
				GCC_WARN_64_TO_32_BIT_CONVERSION = YES;
				GCC_WARN_ABOUT_RETURN_TYPE = YES_ERROR;
				GCC_WARN_UNDECLARED_SELECTOR = YES;
				GCC_WARN_UNINITIALIZED_AUTOS = YES_AGGRESSIVE;
				GCC_WARN_UNUSED_FUNCTION = YES;
				GCC_WARN_UNUSED_VARIABLE = YES;
				IPHONEOS_DEPLOYMENT_TARGET = 9.2;
				MTL_ENABLE_DEBUG_INFO = NO;
				SDKROOT = iphoneos;
				VALIDATE_PRODUCT = YES;
			};
			name = Release;
		};
		A58907311C83D34E000735AC /* Debug */ = {
			isa = XCBuildConfiguration;
			buildSettings = {
				ASSETCATALOG_COMPILER_APPICON_NAME = AppIcon;
				INFOPLIST_FILE = UIScrollViewDemo/Info.plist;
				LD_RUNPATH_SEARCH_PATHS = "$(inherited) @executable_path/Frameworks";
				PRODUCT_BUNDLE_IDENTIFIER = com.niit.UIScrollViewDemo;
				PRODUCT_NAME = "$(TARGET_NAME)";
			};
			name = Debug;
		};
		A58907321C83D34E000735AC /* Release */ = {
			isa = XCBuildConfiguration;
			buildSettings = {
				ASSETCATALOG_COMPILER_APPICON_NAME = AppIcon;
				INFOPLIST_FILE = UIScrollViewDemo/Info.plist;
				LD_RUNPATH_SEARCH_PATHS = "$(inherited) @executable_path/Frameworks";
				PRODUCT_BUNDLE_IDENTIFIER = com.niit.UIScrollViewDemo;
				PRODUCT_NAME = "$(TARGET_NAME)";
			};
			name = Release;
		};
/* End XCBuildConfiguration section */

/* Begin XCConfigurationList section */
		A58907141C83D34E000735AC /* Build configuration list for PBXProject "UIScrollViewDemo" */ = {
			isa = XCConfigurationList;
			buildConfigurations = (
				A589072E1C83D34E000735AC /* Debug */,
				A589072F1C83D34E000735AC /* Release */,
			);
			defaultConfigurationIsVisible = 0;
			defaultConfigurationName = Release;
		};
		A58907301C83D34E000735AC /* Build configuration list for PBXNativeTarget "UIScrollViewDemo" */ = {
			isa = XCConfigurationList;
			buildConfigurations = (
				A58907311C83D34E000735AC /* Debug */,
				A58907321C83D34E000735AC /* Release */,
			);
			defaultConfigurationIsVisible = 0;
		};
/* End XCConfigurationList section */
	};
	rootObject = A58907111C83D34E000735AC /* Project object */;
}
