// !$*UTF8*$!
{
	archiveVersion = 1;
	classes = {
	};
	objectVersion = 46;
	objects = {

/* Begin PBXBuildFile section */
		10737B6E1E1E2E9700A8427B /* main.m in Sources */ = {isa = PBXBuildFile; fileRef = 10737B6D1E1E2E9700A8427B /* main.m */; };
		10C87E0C1EA489650088D5FA /* HWWeakTimer.m in Sources */ = {isa = PBXBuildFile; fileRef = 10C87E0B1EA489650088D5FA /* HWWeakTimer.m */; };
/* End PBXBuildFile section */

/* Begin PBXCopyFilesBuildPhase section */
		10737B681E1E2E9700A8427B /* CopyFiles */ = {
			isa = PBXCopyFilesBuildPhase;
			buildActionMask = 2147483647;
			dstPath = /usr/share/man/man1/;
			dstSubfolderSpec = 0;
			files = (
			);
			runOnlyForDeploymentPostprocessing = 1;
		};
/* End PBXCopyFilesBuildPhase section */

/* Begin PBXFileReference section */
		10737B6A1E1E2E9700A8427B /* HelloNMB */ = {isa = PBXFileReference; explicitFileType = "compiled.mach-o.executable"; includeInIndex = 0; path = HelloNMB; sourceTree = BUILT_PRODUCTS_DIR; };
		10737B6D1E1E2E9700A8427B /* main.m */ = {isa = PBXFileReference; lastKnownFileType = sourcecode.c.objc; path = main.m; sourceTree = "<group>"; };
		10A98D281E6549CA00FDE697 /* in.bmp */ = {isa = PBXFileReference; lastKnownFileType = image.bmp; path = in.bmp; sourceTree = "<group>"; };
		10C87E0A1EA489650088D5FA /* HWWeakTimer.h */ = {isa = PBXFileReference; fileEncoding = 4; lastKnownFileType = sourcecode.c.h; path = HWWeakTimer.h; sourceTree = "<group>"; };
		10C87E0B1EA489650088D5FA /* HWWeakTimer.m */ = {isa = PBXFileReference; fileEncoding = 4; lastKnownFileType = sourcecode.c.objc; path = HWWeakTimer.m; sourceTree = "<group>"; };
/* End PBXFileReference section */

/* Begin PBXFrameworksBuildPhase section */
		10737B671E1E2E9700A8427B /* Frameworks */ = {
			isa = PBXFrameworksBuildPhase;
			buildActionMask = 2147483647;
			files = (
			);
			runOnlyForDeploymentPostprocessing = 0;
		};
/* End PBXFrameworksBuildPhase section */

/* Begin PBXGroup section */
		10737B611E1E2E9700A8427B = {
			isa = PBXGroup;
			children = (
				10737B6C1E1E2E9700A8427B /* HelloNMB */,
				10737B6B1E1E2E9700A8427B /* Products */,
			);
			sourceTree = "<group>";
		};
		10737B6B1E1E2E9700A8427B /* Products */ = {
			isa = PBXGroup;
			children = (
				10737B6A1E1E2E9700A8427B /* HelloNMB */,
			);
			name = Products;
			sourceTree = "<group>";
		};
		10737B6C1E1E2E9700A8427B /* HelloNMB */ = {
			isa = PBXGroup;
			children = (
				10737B6D1E1E2E9700A8427B /* main.m */,
				10C87E0A1EA489650088D5FA /* HWWeakTimer.h */,
				10C87E0B1EA489650088D5FA /* HWWeakTimer.m */,
				10A98D281E6549CA00FDE697 /* in.bmp */,
			);
			path = HelloNMB;
			sourceTree = "<group>";
		};
/* End PBXGroup section */

/* Begin PBXNativeTarget section */
		10737B691E1E2E9700A8427B /* HelloNMB */ = {
			isa = PBXNativeTarget;
			buildConfigurationList = 10737B711E1E2E9700A8427B /* Build configuration list for PBXNativeTarget "HelloNMB" */;
			buildPhases = (
				10737B661E1E2E9700A8427B /* Sources */,
				10737B671E1E2E9700A8427B /* Frameworks */,
				10737B681E1E2E9700A8427B /* CopyFiles */,
			);
			buildRules = (
			);
			dependencies = (
			);
			name = HelloNMB;
			productName = HelloNMB;
			productReference = 10737B6A1E1E2E9700A8427B /* HelloNMB */;
			productType = "com.apple.product-type.tool";
		};
/* End PBXNativeTarget section */

/* Begin PBXProject section */
		10737B621E1E2E9700A8427B /* Project object */ = {
			isa = PBXProject;
			attributes = {
				LastUpgradeCheck = 0820;
				ORGANIZATIONNAME = leqi;
				TargetAttributes = {
					10737B691E1E2E9700A8427B = {
						CreatedOnToolsVersion = 8.2.1;
						DevelopmentTeam = S2M9W9G946;
						ProvisioningStyle = Automatic;
					};
				};
			};
			buildConfigurationList = 10737B651E1E2E9700A8427B /* Build configuration list for PBXProject "HelloNMB" */;
			compatibilityVersion = "Xcode 3.2";
			developmentRegion = English;
			hasScannedForEncodings = 0;
			knownRegions = (
				en,
			);
			mainGroup = 10737B611E1E2E9700A8427B;
			productRefGroup = 10737B6B1E1E2E9700A8427B /* Products */;
			projectDirPath = "";
			projectRoot = "";
			targets = (
				10737B691E1E2E9700A8427B /* HelloNMB */,
			);
		};
/* End PBXProject section */

/* Begin PBXSourcesBuildPhase section */
		10737B661E1E2E9700A8427B /* Sources */ = {
			isa = PBXSourcesBuildPhase;
			buildActionMask = 2147483647;
			files = (
				10C87E0C1EA489650088D5FA /* HWWeakTimer.m in Sources */,
				10737B6E1E1E2E9700A8427B /* main.m in Sources */,
			);
			runOnlyForDeploymentPostprocessing = 0;
		};
/* End PBXSourcesBuildPhase section */

/* Begin XCBuildConfiguration section */
		10737B6F1E1E2E9700A8427B /* Debug */ = {
			isa = XCBuildConfiguration;
			buildSettings = {
				ALWAYS_SEARCH_USER_PATHS = NO;
				CLANG_ANALYZER_NONNULL = YES;
				CLANG_CXX_LANGUAGE_STANDARD = "gnu++0x";
				CLANG_CXX_LIBRARY = "libc++";
				CLANG_ENABLE_MODULES = YES;
				CLANG_ENABLE_OBJC_ARC = YES;
				CLANG_WARN_BOOL_CONVERSION = YES;
				CLANG_WARN_CONSTANT_CONVERSION = YES;
				CLANG_WARN_DIRECT_OBJC_ISA_USAGE = YES_ERROR;
				CLANG_WARN_DOCUMENTATION_COMMENTS = YES;
				CLANG_WARN_EMPTY_BODY = YES;
				CLANG_WARN_ENUM_CONVERSION = YES;
				CLANG_WARN_INFINITE_RECURSION = YES;
				CLANG_WARN_INT_CONVERSION = YES;
				CLANG_WARN_OBJC_ROOT_CLASS = YES_ERROR;
				CLANG_WARN_SUSPICIOUS_MOVE = YES;
				CLANG_WARN_UNREACHABLE_CODE = YES;
				CLANG_WARN__DUPLICATE_METHOD_MATCH = YES;
				CODE_SIGN_IDENTITY = "-";
				COPY_PHASE_STRIP = NO;
				DEBUG_INFORMATION_FORMAT = dwarf;
				ENABLE_STRICT_OBJC_MSGSEND = YES;
				ENABLE_TESTABILITY = YES;
				GCC_C_LANGUAGE_STANDARD = gnu99;
				GCC_DYNAMIC_NO_PIC = NO;
				GCC_NO_COMMON_BLOCKS = YES;
				GCC_OPTIMIZATION_LEVEL = 0;
				GCC_PREPROCESSOR_DEFINITIONS = (
					"DEBUG=1",
					"$(inherited)",
				);
				GCC_WARN_64_TO_32_BIT_CONVERSION = YES;
				GCC_WARN_ABOUT_RETURN_TYPE = YES_ERROR;
				GCC_WARN_UNDECLARED_SELECTOR = YES;
				GCC_WARN_UNINITIALIZED_AUTOS = YES_AGGRESSIVE;
				GCC_WARN_UNUSED_FUNCTION = YES;
				GCC_WARN_UNUSED_VARIABLE = YES;
				MACOSX_DEPLOYMENT_TARGET = 10.12;
				MTL_ENABLE_DEBUG_INFO = YES;
				ONLY_ACTIVE_ARCH = YES;
				SDKROOT = macosx;
			};
			name = Debug;
		};
		10737B701E1E2E9700A8427B /* Release */ = {
			isa = XCBuildConfiguration;
			buildSettings = {
				ALWAYS_SEARCH_USER_PATHS = NO;
				CLANG_ANALYZER_NONNULL = YES;
				CLANG_CXX_LANGUAGE_STANDARD = "gnu++0x";
				CLANG_CXX_LIBRARY = "libc++";
				CLANG_ENABLE_MODULES = YES;
				CLANG_ENABLE_OBJC_ARC = YES;
				CLANG_WARN_BOOL_CONVERSION = YES;
				CLANG_WARN_CONSTANT_CONVERSION = YES;
				CLANG_WARN_DIRECT_OBJC_ISA_USAGE = YES_ERROR;
				CLANG_WARN_DOCUMENTATION_COMMENTS = YES;
				CLANG_WARN_EMPTY_BODY = YES;
				CLANG_WARN_ENUM_CONVERSION = YES;
				CLANG_WARN_INFINITE_RECURSION = YES;
				CLANG_WARN_INT_CONVERSION = YES;
				CLANG_WARN_OBJC_ROOT_CLASS = YES_ERROR;
				CLANG_WARN_SUSPICIOUS_MOVE = YES;
				CLANG_WARN_UNREACHABLE_CODE = YES;
				CLANG_WARN__DUPLICATE_METHOD_MATCH = YES;
				CODE_SIGN_IDENTITY = "-";
				COPY_PHASE_STRIP = NO;
				DEBUG_INFORMATION_FORMAT = "dwarf-with-dsym";
				ENABLE_NS_ASSERTIONS = NO;
				ENABLE_STRICT_OBJC_MSGSEND = YES;
				GCC_C_LANGUAGE_STANDARD = gnu99;
				GCC_NO_COMMON_BLOCKS = YES;
				GCC_WARN_64_TO_32_BIT_CONVERSION = YES;
				GCC_WARN_ABOUT_RETURN_TYPE = YES_ERROR;
				GCC_WARN_UNDECLARED_SELECTOR = YES;
				GCC_WARN_UNINITIALIZED_AUTOS = YES_AGGRESSIVE;
				GCC_WARN_UNUSED_FUNCTION = YES;
				GCC_WARN_UNUSED_VARIABLE = YES;
				MACOSX_DEPLOYMENT_TARGET = 10.12;
				MTL_ENABLE_DEBUG_INFO = NO;
				SDKROOT = macosx;
			};
			name = Release;
		};
		10737B721E1E2E9700A8427B /* Debug */ = {
			isa = XCBuildConfiguration;
			buildSettings = {
				DEVELOPMENT_TEAM = S2M9W9G946;
				PRODUCT_NAME = "$(TARGET_NAME)";
			};
			name = Debug;
		};
		10737B731E1E2E9700A8427B /* Release */ = {
			isa = XCBuildConfiguration;
			buildSettings = {
				DEVELOPMENT_TEAM = S2M9W9G946;
				PRODUCT_NAME = "$(TARGET_NAME)";
			};
			name = Release;
		};
/* End XCBuildConfiguration section */

/* Begin XCConfigurationList section */
		10737B651E1E2E9700A8427B /* Build configuration list for PBXProject "HelloNMB" */ = {
			isa = XCConfigurationList;
			buildConfigurations = (
				10737B6F1E1E2E9700A8427B /* Debug */,
				10737B701E1E2E9700A8427B /* Release */,
			);
			defaultConfigurationIsVisible = 0;
			defaultConfigurationName = Release;
		};
		10737B711E1E2E9700A8427B /* Build configuration list for PBXNativeTarget "HelloNMB" */ = {
			isa = XCConfigurationList;
			buildConfigurations = (
				10737B721E1E2E9700A8427B /* Debug */,
				10737B731E1E2E9700A8427B /* Release */,
			);
			defaultConfigurationIsVisible = 0;
			defaultConfigurationName = Release;
		};
/* End XCConfigurationList section */
	};
	rootObject = 10737B621E1E2E9700A8427B /* Project object */;
}
