// !$*UTF8*$!
{
	archiveVersion = 1;
	classes = {
	};
	objectVersion = 46;
	objects = {

/* Begin PBXBuildFile section */
		A564E9631C76C06E00CD1034 /* main.m in Sources */ = {isa = PBXBuildFile; fileRef = A564E9621C76C06E00CD1034 /* main.m */; };
		A564E9661C76C06E00CD1034 /* AppDelegate.m in Sources */ = {isa = PBXBuildFile; fileRef = A564E9651C76C06E00CD1034 /* AppDelegate.m */; };
		A564E9691C76C06E00CD1034 /* ViewController.m in Sources */ = {isa = PBXBuildFile; fileRef = A564E9681C76C06E00CD1034 /* ViewController.m */; };
		A564E96E1C76C06E00CD1034 /* Assets.xcassets in Resources */ = {isa = PBXBuildFile; fileRef = A564E96D1C76C06E00CD1034 /* Assets.xcassets */; };
		A564E9711C76C06F00CD1034 /* LaunchScreen.storyboard in Resources */ = {isa = PBXBuildFile; fileRef = A564E96F1C76C06F00CD1034 /* LaunchScreen.storyboard */; };
/* End PBXBuildFile section */

/* Begin PBXFileReference section */
		A564E95E1C76C06E00CD1034 /* ControlFun_code.app */ = {isa = PBXFileReference; explicitFileType = wrapper.application; includeInIndex = 0; path = ControlFun_code.app; sourceTree = BUILT_PRODUCTS_DIR; };
		A564E9621C76C06E00CD1034 /* main.m */ = {isa = PBXFileReference; lastKnownFileType = sourcecode.c.objc; path = main.m; sourceTree = "<group>"; };
		A564E9641C76C06E00CD1034 /* AppDelegate.h */ = {isa = PBXFileReference; lastKnownFileType = sourcecode.c.h; path = AppDelegate.h; sourceTree = "<group>"; };
		A564E9651C76C06E00CD1034 /* AppDelegate.m */ = {isa = PBXFileReference; lastKnownFileType = sourcecode.c.objc; path = AppDelegate.m; sourceTree = "<group>"; };
		A564E9671C76C06E00CD1034 /* ViewController.h */ = {isa = PBXFileReference; lastKnownFileType = sourcecode.c.h; path = ViewController.h; sourceTree = "<group>"; };
		A564E9681C76C06E00CD1034 /* ViewController.m */ = {isa = PBXFileReference; lastKnownFileType = sourcecode.c.objc; path = ViewController.m; sourceTree = "<group>"; };
		A564E96D1C76C06E00CD1034 /* Assets.xcassets */ = {isa = PBXFileReference; lastKnownFileType = folder.assetcatalog; path = Assets.xcassets; sourceTree = "<group>"; };
		A564E9701C76C06F00CD1034 /* Base */ = {isa = PBXFileReference; lastKnownFileType = file.storyboard; name = Base; path = Base.lproj/LaunchScreen.storyboard; sourceTree = "<group>"; };
		A564E9721C76C06F00CD1034 /* Info.plist */ = {isa = PBXFileReference; lastKnownFileType = text.plist.xml; path = Info.plist; sourceTree = "<group>"; };
/* End PBXFileReference section */

/* Begin PBXFrameworksBuildPhase section */
		A564E95B1C76C06E00CD1034 /* Frameworks */ = {
			isa = PBXFrameworksBuildPhase;
			buildActionMask = 2147483647;
			files = (
			);
			runOnlyForDeploymentPostprocessing = 0;
		};
/* End PBXFrameworksBuildPhase section */

/* Begin PBXGroup section */
		A564E9551C76C06E00CD1034 = {
			isa = PBXGroup;
			children = (
				A564E9601C76C06E00CD1034 /* ControlFun_code */,
				A564E95F1C76C06E00CD1034 /* Products */,
			);
			sourceTree = "<group>";
		};
		A564E95F1C76C06E00CD1034 /* Products */ = {
			isa = PBXGroup;
			children = (
				A564E95E1C76C06E00CD1034 /* ControlFun_code.app */,
			);
			name = Products;
			sourceTree = "<group>";
		};
		A564E9601C76C06E00CD1034 /* ControlFun_code */ = {
			isa = PBXGroup;
			children = (
				A564E9641C76C06E00CD1034 /* AppDelegate.h */,
				A564E9651C76C06E00CD1034 /* AppDelegate.m */,
				A564E9671C76C06E00CD1034 /* ViewController.h */,
				A564E9681C76C06E00CD1034 /* ViewController.m */,
				A564E96D1C76C06E00CD1034 /* Assets.xcassets */,
				A564E96F1C76C06F00CD1034 /* LaunchScreen.storyboard */,
				A564E9721C76C06F00CD1034 /* Info.plist */,
				A564E9611C76C06E00CD1034 /* Supporting Files */,
			);
			path = ControlFun_code;
			sourceTree = "<group>";
		};
		A564E9611C76C06E00CD1034 /* Supporting Files */ = {
			isa = PBXGroup;
			children = (
				A564E9621C76C06E00CD1034 /* main.m */,
			);
			name = "Supporting Files";
			sourceTree = "<group>";
		};
/* End PBXGroup section */

/* Begin PBXNativeTarget section */
		A564E95D1C76C06E00CD1034 /* ControlFun_code */ = {
			isa = PBXNativeTarget;
			buildConfigurationList = A564E9751C76C06F00CD1034 /* Build configuration list for PBXNativeTarget "ControlFun_code" */;
			buildPhases = (
				A564E95A1C76C06E00CD1034 /* Sources */,
				A564E95B1C76C06E00CD1034 /* Frameworks */,
				A564E95C1C76C06E00CD1034 /* Resources */,
			);
			buildRules = (
			);
			dependencies = (
			);
			name = ControlFun_code;
			productName = ControlFun_code;
			productReference = A564E95E1C76C06E00CD1034 /* ControlFun_code.app */;
			productType = "com.apple.product-type.application";
		};
/* End PBXNativeTarget section */

/* Begin PBXProject section */
		A564E9561C76C06E00CD1034 /* Project object */ = {
			isa = PBXProject;
			attributes = {
				LastUpgradeCheck = 0710;
				ORGANIZATIONNAME = NIIT;
				TargetAttributes = {
					A564E95D1C76C06E00CD1034 = {
						CreatedOnToolsVersion = 7.1;
						DevelopmentTeam = 94V3K52A79;
					};
				};
			};
			buildConfigurationList = A564E9591C76C06E00CD1034 /* Build configuration list for PBXProject "ControlFun_code" */;
			compatibilityVersion = "Xcode 3.2";
			developmentRegion = English;
			hasScannedForEncodings = 0;
			knownRegions = (
				en,
				Base,
			);
			mainGroup = A564E9551C76C06E00CD1034;
			productRefGroup = A564E95F1C76C06E00CD1034 /* Products */;
			projectDirPath = "";
			projectRoot = "";
			targets = (
				A564E95D1C76C06E00CD1034 /* ControlFun_code */,
			);
		};
/* End PBXProject section */

/* Begin PBXResourcesBuildPhase section */
		A564E95C1C76C06E00CD1034 /* Resources */ = {
			isa = PBXResourcesBuildPhase;
			buildActionMask = 2147483647;
			files = (
				A564E9711C76C06F00CD1034 /* LaunchScreen.storyboard in Resources */,
				A564E96E1C76C06E00CD1034 /* Assets.xcassets in Resources */,
			);
			runOnlyForDeploymentPostprocessing = 0;
		};
/* End PBXResourcesBuildPhase section */

/* Begin PBXSourcesBuildPhase section */
		A564E95A1C76C06E00CD1034 /* Sources */ = {
			isa = PBXSourcesBuildPhase;
			buildActionMask = 2147483647;
			files = (
				A564E9691C76C06E00CD1034 /* ViewController.m in Sources */,
				A564E9661C76C06E00CD1034 /* AppDelegate.m in Sources */,
				A564E9631C76C06E00CD1034 /* main.m in Sources */,
			);
			runOnlyForDeploymentPostprocessing = 0;
		};
/* End PBXSourcesBuildPhase section */

/* Begin PBXVariantGroup section */
		A564E96F1C76C06F00CD1034 /* LaunchScreen.storyboard */ = {
			isa = PBXVariantGroup;
			children = (
				A564E9701C76C06F00CD1034 /* Base */,
			);
			name = LaunchScreen.storyboard;
			sourceTree = "<group>";
		};
/* End PBXVariantGroup section */

/* Begin XCBuildConfiguration section */
		A564E9731C76C06F00CD1034 /* Debug */ = {
			isa = XCBuildConfiguration;
			buildSettings = {
				ALWAYS_SEARCH_USER_PATHS = NO;
				CLANG_CXX_LANGUAGE_STANDARD = "gnu++0x";
				CLANG_CXX_LIBRARY = "libc++";
				CLANG_ENABLE_MODULES = YES;
				CLANG_ENABLE_OBJC_ARC = YES;
				CLANG_WARN_BOOL_CONVERSION = YES;
				CLANG_WARN_CONSTANT_CONVERSION = YES;
				CLANG_WARN_DIRECT_OBJC_ISA_USAGE = YES_ERROR;
				CLANG_WARN_EMPTY_BODY = YES;
				CLANG_WARN_ENUM_CONVERSION = YES;
				CLANG_WARN_INT_CONVERSION = YES;
				CLANG_WARN_OBJC_ROOT_CLASS = YES_ERROR;
				CLANG_WARN_UNREACHABLE_CODE = YES;
				CLANG_WARN__DUPLICATE_METHOD_MATCH = YES;
				"CODE_SIGN_IDENTITY[sdk=iphoneos*]" = "iPhone Developer";
				COPY_PHASE_STRIP = NO;
				DEBUG_INFORMATION_FORMAT = dwarf;
				ENABLE_STRICT_OBJC_MSGSEND = YES;
				ENABLE_TESTABILITY = YES;
				GCC_C_LANGUAGE_STANDARD = gnu99;
				GCC_DYNAMIC_NO_PIC = NO;
				GCC_NO_COMMON_BLOCKS = YES;
				GCC_OPTIMIZATION_LEVEL = 0;
				GCC_PREPROCESSOR_DEFINITIONS = (
					"DEBUG=1",
					"$(inherited)",
				);
				GCC_WARN_64_TO_32_BIT_CONVERSION = YES;
				GCC_WARN_ABOUT_RETURN_TYPE = YES_ERROR;
				GCC_WARN_UNDECLARED_SELECTOR = YES;
				GCC_WARN_UNINITIALIZED_AUTOS = YES_AGGRESSIVE;
				GCC_WARN_UNUSED_FUNCTION = YES;
				GCC_WARN_UNUSED_VARIABLE = YES;
				IPHONEOS_DEPLOYMENT_TARGET = 9.1;
				MTL_ENABLE_DEBUG_INFO = YES;
				ONLY_ACTIVE_ARCH = YES;
				SDKROOT = iphoneos;
			};
			name = Debug;
		};
		A564E9741C76C06F00CD1034 /* Release */ = {
			isa = XCBuildConfiguration;
			buildSettings = {
				ALWAYS_SEARCH_USER_PATHS = NO;
				CLANG_CXX_LANGUAGE_STANDARD = "gnu++0x";
				CLANG_CXX_LIBRARY = "libc++";
				CLANG_ENABLE_MODULES = YES;
				CLANG_ENABLE_OBJC_ARC = YES;
				CLANG_WARN_BOOL_CONVERSION = YES;
				CLANG_WARN_CONSTANT_CONVERSION = YES;
				CLANG_WARN_DIRECT_OBJC_ISA_USAGE = YES_ERROR;
				CLANG_WARN_EMPTY_BODY = YES;
				CLANG_WARN_ENUM_CONVERSION = YES;
				CLANG_WARN_INT_CONVERSION = YES;
				CLANG_WARN_OBJC_ROOT_CLASS = YES_ERROR;
				CLANG_WARN_UNREACHABLE_CODE = YES;
				CLANG_WARN__DUPLICATE_METHOD_MATCH = YES;
				"CODE_SIGN_IDENTITY[sdk=iphoneos*]" = "iPhone Developer";
				COPY_PHASE_STRIP = NO;
				DEBUG_INFORMATION_FORMAT = "dwarf-with-dsym";
				ENABLE_NS_ASSERTIONS = NO;
				ENABLE_STRICT_OBJC_MSGSEND = YES;
				GCC_C_LANGUAGE_STANDARD = gnu99;
				GCC_NO_COMMON_BLOCKS = YES;
				GCC_WARN_64_TO_32_BIT_CONVERSION = YES;
				GCC_WARN_ABOUT_RETURN_TYPE = YES_ERROR;
				GCC_WARN_UNDECLARED_SELECTOR = YES;
				GCC_WARN_UNINITIALIZED_AUTOS = YES_AGGRESSIVE;
				GCC_WARN_UNUSED_FUNCTION = YES;
				GCC_WARN_UNUSED_VARIABLE = YES;
				IPHONEOS_DEPLOYMENT_TARGET = 9.1;
				MTL_ENABLE_DEBUG_INFO = NO;
				SDKROOT = iphoneos;
				VALIDATE_PRODUCT = YES;
			};
			name = Release;
		};
		A564E9761C76C06F00CD1034 /* Debug */ = {
			isa = XCBuildConfiguration;
			buildSettings = {
				ASSETCATALOG_COMPILER_APPICON_NAME = AppIcon;
				INFOPLIST_FILE = ControlFun_code/Info.plist;
				LD_RUNPATH_SEARCH_PATHS = "$(inherited) @executable_path/Frameworks";
				PRODUCT_BUNDLE_IDENTIFIER = "com.niit.ControlFun-code";
				PRODUCT_NAME = "$(TARGET_NAME)";
			};
			name = Debug;
		};
		A564E9771C76C06F00CD1034 /* Release */ = {
			isa = XCBuildConfiguration;
			buildSettings = {
				ASSETCATALOG_COMPILER_APPICON_NAME = AppIcon;
				INFOPLIST_FILE = ControlFun_code/Info.plist;
				LD_RUNPATH_SEARCH_PATHS = "$(inherited) @executable_path/Frameworks";
				PRODUCT_BUNDLE_IDENTIFIER = "com.niit.ControlFun-code";
				PRODUCT_NAME = "$(TARGET_NAME)";
			};
			name = Release;
		};
/* End XCBuildConfiguration section */

/* Begin XCConfigurationList section */
		A564E9591C76C06E00CD1034 /* Build configuration list for PBXProject "ControlFun_code" */ = {
			isa = XCConfigurationList;
			buildConfigurations = (
				A564E9731C76C06F00CD1034 /* Debug */,
				A564E9741C76C06F00CD1034 /* Release */,
			);
			defaultConfigurationIsVisible = 0;
			defaultConfigurationName = Release;
		};
		A564E9751C76C06F00CD1034 /* Build configuration list for PBXNativeTarget "ControlFun_code" */ = {
			isa = XCConfigurationList;
			buildConfigurations = (
				A564E9761C76C06F00CD1034 /* Debug */,
				A564E9771C76C06F00CD1034 /* Release */,
			);
			defaultConfigurationIsVisible = 0;
		};
/* End XCConfigurationList section */
	};
	rootObject = A564E9561C76C06E00CD1034 /* Project object */;
}
