// !$*UTF8*$!
{
	archiveVersion = 1;
	classes = {
	};
	objectVersion = 46;
	objects = {

/* Begin PBXBuildFile section */
		101BB9491D24A547005C392E /* main.m in Sources */ = {isa = PBXBuildFile; fileRef = 101BB9481D24A547005C392E /* main.m */; };
		101BB94C1D24A547005C392E /* AppDelegate.m in Sources */ = {isa = PBXBuildFile; fileRef = 101BB94B1D24A547005C392E /* AppDelegate.m */; };
		101BB94F1D24A547005C392E /* PayOrderViewController.m in Sources */ = {isa = PBXBuildFile; fileRef = 101BB94E1D24A547005C392E /* PayOrderViewController.m */; };
		101BB9541D24A547005C392E /* Assets.xcassets in Resources */ = {isa = PBXBuildFile; fileRef = 101BB9531D24A547005C392E /* Assets.xcassets */; };
		101BB9571D24A547005C392E /* LaunchScreen.storyboard in Resources */ = {isa = PBXBuildFile; fileRef = 101BB9551D24A547005C392E /* LaunchScreen.storyboard */; };
		102E00941D24BD5C00AA69E2 /* icon_zfb@2x.png in Resources */ = {isa = PBXBuildFile; fileRef = 102E00931D24BD5C00AA69E2 /* icon_zfb@2x.png */; };
/* End PBXBuildFile section */

/* Begin PBXFileReference section */
		101BB9441D24A547005C392E /* PayOrder.app */ = {isa = PBXFileReference; explicitFileType = wrapper.application; includeInIndex = 0; path = PayOrder.app; sourceTree = BUILT_PRODUCTS_DIR; };
		101BB9481D24A547005C392E /* main.m */ = {isa = PBXFileReference; lastKnownFileType = sourcecode.c.objc; path = main.m; sourceTree = "<group>"; };
		101BB94A1D24A547005C392E /* AppDelegate.h */ = {isa = PBXFileReference; lastKnownFileType = sourcecode.c.h; path = AppDelegate.h; sourceTree = "<group>"; };
		101BB94B1D24A547005C392E /* AppDelegate.m */ = {isa = PBXFileReference; lastKnownFileType = sourcecode.c.objc; path = AppDelegate.m; sourceTree = "<group>"; };
		101BB94D1D24A547005C392E /* PayOrderViewController.h */ = {isa = PBXFileReference; lastKnownFileType = sourcecode.c.h; path = PayOrderViewController.h; sourceTree = "<group>"; };
		101BB94E1D24A547005C392E /* PayOrderViewController.m */ = {isa = PBXFileReference; lastKnownFileType = sourcecode.c.objc; path = PayOrderViewController.m; sourceTree = "<group>"; };
		101BB9531D24A547005C392E /* Assets.xcassets */ = {isa = PBXFileReference; lastKnownFileType = folder.assetcatalog; path = Assets.xcassets; sourceTree = "<group>"; };
		101BB9561D24A547005C392E /* Base */ = {isa = PBXFileReference; lastKnownFileType = file.storyboard; name = Base; path = Base.lproj/LaunchScreen.storyboard; sourceTree = "<group>"; };
		101BB9581D24A547005C392E /* Info.plist */ = {isa = PBXFileReference; lastKnownFileType = text.plist.xml; path = Info.plist; sourceTree = "<group>"; };
		102E00931D24BD5C00AA69E2 /* icon_zfb@2x.png */ = {isa = PBXFileReference; lastKnownFileType = image.png; path = "icon_zfb@2x.png"; sourceTree = "<group>"; };
/* End PBXFileReference section */

/* Begin PBXFrameworksBuildPhase section */
		101BB9411D24A547005C392E /* Frameworks */ = {
			isa = PBXFrameworksBuildPhase;
			buildActionMask = 2147483647;
			files = (
			);
			runOnlyForDeploymentPostprocessing = 0;
		};
/* End PBXFrameworksBuildPhase section */

/* Begin PBXGroup section */
		101BB93B1D24A547005C392E = {
			isa = PBXGroup;
			children = (
				101BB9461D24A547005C392E /* PayOrder */,
				101BB9451D24A547005C392E /* Products */,
			);
			sourceTree = "<group>";
		};
		101BB9451D24A547005C392E /* Products */ = {
			isa = PBXGroup;
			children = (
				101BB9441D24A547005C392E /* PayOrder.app */,
			);
			name = Products;
			sourceTree = "<group>";
		};
		101BB9461D24A547005C392E /* PayOrder */ = {
			isa = PBXGroup;
			children = (
				102E00931D24BD5C00AA69E2 /* icon_zfb@2x.png */,
				101BB94A1D24A547005C392E /* AppDelegate.h */,
				101BB94B1D24A547005C392E /* AppDelegate.m */,
				101BB94D1D24A547005C392E /* PayOrderViewController.h */,
				101BB94E1D24A547005C392E /* PayOrderViewController.m */,
				101BB9531D24A547005C392E /* Assets.xcassets */,
				101BB9551D24A547005C392E /* LaunchScreen.storyboard */,
				101BB9581D24A547005C392E /* Info.plist */,
				101BB9471D24A547005C392E /* Supporting Files */,
			);
			path = PayOrder;
			sourceTree = "<group>";
		};
		101BB9471D24A547005C392E /* Supporting Files */ = {
			isa = PBXGroup;
			children = (
				101BB9481D24A547005C392E /* main.m */,
			);
			name = "Supporting Files";
			sourceTree = "<group>";
		};
/* End PBXGroup section */

/* Begin PBXNativeTarget section */
		101BB9431D24A547005C392E /* PayOrder */ = {
			isa = PBXNativeTarget;
			buildConfigurationList = 101BB95B1D24A547005C392E /* Build configuration list for PBXNativeTarget "PayOrder" */;
			buildPhases = (
				101BB9401D24A547005C392E /* Sources */,
				101BB9411D24A547005C392E /* Frameworks */,
				101BB9421D24A547005C392E /* Resources */,
			);
			buildRules = (
			);
			dependencies = (
			);
			name = PayOrder;
			productName = PayOrder;
			productReference = 101BB9441D24A547005C392E /* PayOrder.app */;
			productType = "com.apple.product-type.application";
		};
/* End PBXNativeTarget section */

/* Begin PBXProject section */
		101BB93C1D24A547005C392E /* Project object */ = {
			isa = PBXProject;
			attributes = {
				LastUpgradeCheck = 0730;
				ORGANIZATIONNAME = leqi;
				TargetAttributes = {
					101BB9431D24A547005C392E = {
						CreatedOnToolsVersion = 7.3.1;
					};
				};
			};
			buildConfigurationList = 101BB93F1D24A547005C392E /* Build configuration list for PBXProject "PayOrder" */;
			compatibilityVersion = "Xcode 3.2";
			developmentRegion = English;
			hasScannedForEncodings = 0;
			knownRegions = (
				en,
				Base,
			);
			mainGroup = 101BB93B1D24A547005C392E;
			productRefGroup = 101BB9451D24A547005C392E /* Products */;
			projectDirPath = "";
			projectRoot = "";
			targets = (
				101BB9431D24A547005C392E /* PayOrder */,
			);
		};
/* End PBXProject section */

/* Begin PBXResourcesBuildPhase section */
		101BB9421D24A547005C392E /* Resources */ = {
			isa = PBXResourcesBuildPhase;
			buildActionMask = 2147483647;
			files = (
				101BB9571D24A547005C392E /* LaunchScreen.storyboard in Resources */,
				101BB9541D24A547005C392E /* Assets.xcassets in Resources */,
				102E00941D24BD5C00AA69E2 /* icon_zfb@2x.png in Resources */,
			);
			runOnlyForDeploymentPostprocessing = 0;
		};
/* End PBXResourcesBuildPhase section */

/* Begin PBXSourcesBuildPhase section */
		101BB9401D24A547005C392E /* Sources */ = {
			isa = PBXSourcesBuildPhase;
			buildActionMask = 2147483647;
			files = (
				101BB94F1D24A547005C392E /* PayOrderViewController.m in Sources */,
				101BB94C1D24A547005C392E /* AppDelegate.m in Sources */,
				101BB9491D24A547005C392E /* main.m in Sources */,
			);
			runOnlyForDeploymentPostprocessing = 0;
		};
/* End PBXSourcesBuildPhase section */

/* Begin PBXVariantGroup section */
		101BB9551D24A547005C392E /* LaunchScreen.storyboard */ = {
			isa = PBXVariantGroup;
			children = (
				101BB9561D24A547005C392E /* Base */,
			);
			name = LaunchScreen.storyboard;
			sourceTree = "<group>";
		};
/* End PBXVariantGroup section */

/* Begin XCBuildConfiguration section */
		101BB9591D24A547005C392E /* Debug */ = {
			isa = XCBuildConfiguration;
			buildSettings = {
				ALWAYS_SEARCH_USER_PATHS = NO;
				CLANG_ANALYZER_NONNULL = YES;
				CLANG_CXX_LANGUAGE_STANDARD = "gnu++0x";
				CLANG_CXX_LIBRARY = "libc++";
				CLANG_ENABLE_MODULES = YES;
				CLANG_ENABLE_OBJC_ARC = YES;
				CLANG_WARN_BOOL_CONVERSION = YES;
				CLANG_WARN_CONSTANT_CONVERSION = YES;
				CLANG_WARN_DIRECT_OBJC_ISA_USAGE = YES_ERROR;
				CLANG_WARN_EMPTY_BODY = YES;
				CLANG_WARN_ENUM_CONVERSION = YES;
				CLANG_WARN_INT_CONVERSION = YES;
				CLANG_WARN_OBJC_ROOT_CLASS = YES_ERROR;
				CLANG_WARN_UNREACHABLE_CODE = YES;
				CLANG_WARN__DUPLICATE_METHOD_MATCH = YES;
				"CODE_SIGN_IDENTITY[sdk=iphoneos*]" = "iPhone Developer";
				COPY_PHASE_STRIP = NO;
				DEBUG_INFORMATION_FORMAT = dwarf;
				ENABLE_STRICT_OBJC_MSGSEND = YES;
				ENABLE_TESTABILITY = YES;
				GCC_C_LANGUAGE_STANDARD = gnu99;
				GCC_DYNAMIC_NO_PIC = NO;
				GCC_NO_COMMON_BLOCKS = YES;
				GCC_OPTIMIZATION_LEVEL = 0;
				GCC_PREPROCESSOR_DEFINITIONS = (
					"DEBUG=1",
					"$(inherited)",
				);
				GCC_WARN_64_TO_32_BIT_CONVERSION = YES;
				GCC_WARN_ABOUT_RETURN_TYPE = YES_ERROR;
				GCC_WARN_UNDECLARED_SELECTOR = YES;
				GCC_WARN_UNINITIALIZED_AUTOS = YES_AGGRESSIVE;
				GCC_WARN_UNUSED_FUNCTION = YES;
				GCC_WARN_UNUSED_VARIABLE = YES;
				IPHONEOS_DEPLOYMENT_TARGET = 9.3;
				MTL_ENABLE_DEBUG_INFO = YES;
				ONLY_ACTIVE_ARCH = YES;
				SDKROOT = iphoneos;
			};
			name = Debug;
		};
		101BB95A1D24A547005C392E /* Release */ = {
			isa = XCBuildConfiguration;
			buildSettings = {
				ALWAYS_SEARCH_USER_PATHS = NO;
				CLANG_ANALYZER_NONNULL = YES;
				CLANG_CXX_LANGUAGE_STANDARD = "gnu++0x";
				CLANG_CXX_LIBRARY = "libc++";
				CLANG_ENABLE_MODULES = YES;
				CLANG_ENABLE_OBJC_ARC = YES;
				CLANG_WARN_BOOL_CONVERSION = YES;
				CLANG_WARN_CONSTANT_CONVERSION = YES;
				CLANG_WARN_DIRECT_OBJC_ISA_USAGE = YES_ERROR;
				CLANG_WARN_EMPTY_BODY = YES;
				CLANG_WARN_ENUM_CONVERSION = YES;
				CLANG_WARN_INT_CONVERSION = YES;
				CLANG_WARN_OBJC_ROOT_CLASS = YES_ERROR;
				CLANG_WARN_UNREACHABLE_CODE = YES;
				CLANG_WARN__DUPLICATE_METHOD_MATCH = YES;
				"CODE_SIGN_IDENTITY[sdk=iphoneos*]" = "iPhone Developer";
				COPY_PHASE_STRIP = NO;
				DEBUG_INFORMATION_FORMAT = "dwarf-with-dsym";
				ENABLE_NS_ASSERTIONS = NO;
				ENABLE_STRICT_OBJC_MSGSEND = YES;
				GCC_C_LANGUAGE_STANDARD = gnu99;
				GCC_NO_COMMON_BLOCKS = YES;
				GCC_WARN_64_TO_32_BIT_CONVERSION = YES;
				GCC_WARN_ABOUT_RETURN_TYPE = YES_ERROR;
				GCC_WARN_UNDECLARED_SELECTOR = YES;
				GCC_WARN_UNINITIALIZED_AUTOS = YES_AGGRESSIVE;
				GCC_WARN_UNUSED_FUNCTION = YES;
				GCC_WARN_UNUSED_VARIABLE = YES;
				IPHONEOS_DEPLOYMENT_TARGET = 9.3;
				MTL_ENABLE_DEBUG_INFO = NO;
				SDKROOT = iphoneos;
				VALIDATE_PRODUCT = YES;
			};
			name = Release;
		};
		101BB95C1D24A547005C392E /* Debug */ = {
			isa = XCBuildConfiguration;
			buildSettings = {
				ASSETCATALOG_COMPILER_APPICON_NAME = AppIcon;
				INFOPLIST_FILE = PayOrder/Info.plist;
				LD_RUNPATH_SEARCH_PATHS = "$(inherited) @executable_path/Frameworks";
				PRODUCT_BUNDLE_IDENTIFIER = leqi.PayOrder;
				PRODUCT_NAME = "$(TARGET_NAME)";
			};
			name = Debug;
		};
		101BB95D1D24A547005C392E /* Release */ = {
			isa = XCBuildConfiguration;
			buildSettings = {
				ASSETCATALOG_COMPILER_APPICON_NAME = AppIcon;
				INFOPLIST_FILE = PayOrder/Info.plist;
				LD_RUNPATH_SEARCH_PATHS = "$(inherited) @executable_path/Frameworks";
				PRODUCT_BUNDLE_IDENTIFIER = leqi.PayOrder;
				PRODUCT_NAME = "$(TARGET_NAME)";
			};
			name = Release;
		};
/* End XCBuildConfiguration section */

/* Begin XCConfigurationList section */
		101BB93F1D24A547005C392E /* Build configuration list for PBXProject "PayOrder" */ = {
			isa = XCConfigurationList;
			buildConfigurations = (
				101BB9591D24A547005C392E /* Debug */,
				101BB95A1D24A547005C392E /* Release */,
			);
			defaultConfigurationIsVisible = 0;
			defaultConfigurationName = Release;
		};
		101BB95B1D24A547005C392E /* Build configuration list for PBXNativeTarget "PayOrder" */ = {
			isa = XCConfigurationList;
			buildConfigurations = (
				101BB95C1D24A547005C392E /* Debug */,
				101BB95D1D24A547005C392E /* Release */,
			);
			defaultConfigurationIsVisible = 0;
			defaultConfigurationName = Release;
		};
/* End XCConfigurationList section */
	};
	rootObject = 101BB93C1D24A547005C392E /* Project object */;
}
