// !$*UTF8*$!
{
	archiveVersion = 1;
	classes = {
	};
	objectVersion = 46;
	objects = {

/* Begin PBXBuildFile section */
		3F3FD1881C7BEA50007F5415 /* main.m in Sources */ = {isa = PBXBuildFile; fileRef = 3F3FD1871C7BEA50007F5415 /* main.m */; };
		3F3FD18B1C7BEA50007F5415 /* AppDelegate.m in Sources */ = {isa = PBXBuildFile; fileRef = 3F3FD18A1C7BEA50007F5415 /* AppDelegate.m */; };
		3F3FD1931C7BEA50007F5415 /* Assets.xcassets in Resources */ = {isa = PBXBuildFile; fileRef = 3F3FD1921C7BEA50007F5415 /* Assets.xcassets */; };
		3F3FD1961C7BEA50007F5415 /* LaunchScreen.storyboard in Resources */ = {isa = PBXBuildFile; fileRef = 3F3FD1941C7BEA50007F5415 /* LaunchScreen.storyboard */; };
		3F3FD1A01C7BEBB9007F5415 /* ContactsViewController.m in Sources */ = {isa = PBXBuildFile; fileRef = 3F3FD19E1C7BEBB9007F5415 /* ContactsViewController.m */; };
		3F3FD1A11C7BEBB9007F5415 /* ContactsViewController.xib in Resources */ = {isa = PBXBuildFile; fileRef = 3F3FD19F1C7BEBB9007F5415 /* ContactsViewController.xib */; };
		3F3FD1A51C7BEBC6007F5415 /* DiscoverViewController.m in Sources */ = {isa = PBXBuildFile; fileRef = 3F3FD1A31C7BEBC6007F5415 /* DiscoverViewController.m */; };
		3F3FD1A61C7BEBC6007F5415 /* DiscoverViewController.xib in Resources */ = {isa = PBXBuildFile; fileRef = 3F3FD1A41C7BEBC6007F5415 /* DiscoverViewController.xib */; };
		3F3FD1AA1C7BEBD1007F5415 /* MeViewController.m in Sources */ = {isa = PBXBuildFile; fileRef = 3F3FD1A81C7BEBD1007F5415 /* MeViewController.m */; };
		3F3FD1AB1C7BEBD1007F5415 /* MeViewController.xib in Resources */ = {isa = PBXBuildFile; fileRef = 3F3FD1A91C7BEBD1007F5415 /* MeViewController.xib */; };
		3F3FD1AF1C7BEBE5007F5415 /* WeiXinViewController.m in Sources */ = {isa = PBXBuildFile; fileRef = 3F3FD1AD1C7BEBE5007F5415 /* WeiXinViewController.m */; };
		3F3FD1B01C7BEBE5007F5415 /* WeiXinViewController.xib in Resources */ = {isa = PBXBuildFile; fileRef = 3F3FD1AE1C7BEBE5007F5415 /* WeiXinViewController.xib */; };
/* End PBXBuildFile section */

/* Begin PBXFileReference section */
		3F3FD1831C7BEA50007F5415 /* 10706微信TabBar.app */ = {isa = PBXFileReference; explicitFileType = wrapper.application; includeInIndex = 0; path = "10706微信TabBar.app"; sourceTree = BUILT_PRODUCTS_DIR; };
		3F3FD1871C7BEA50007F5415 /* main.m */ = {isa = PBXFileReference; lastKnownFileType = sourcecode.c.objc; path = main.m; sourceTree = "<group>"; };
		3F3FD1891C7BEA50007F5415 /* AppDelegate.h */ = {isa = PBXFileReference; lastKnownFileType = sourcecode.c.h; path = AppDelegate.h; sourceTree = "<group>"; };
		3F3FD18A1C7BEA50007F5415 /* AppDelegate.m */ = {isa = PBXFileReference; lastKnownFileType = sourcecode.c.objc; path = AppDelegate.m; sourceTree = "<group>"; };
		3F3FD1921C7BEA50007F5415 /* Assets.xcassets */ = {isa = PBXFileReference; lastKnownFileType = folder.assetcatalog; path = Assets.xcassets; sourceTree = "<group>"; };
		3F3FD1951C7BEA50007F5415 /* Base */ = {isa = PBXFileReference; lastKnownFileType = file.storyboard; name = Base; path = Base.lproj/LaunchScreen.storyboard; sourceTree = "<group>"; };
		3F3FD1971C7BEA50007F5415 /* Info.plist */ = {isa = PBXFileReference; lastKnownFileType = text.plist.xml; path = Info.plist; sourceTree = "<group>"; };
		3F3FD19D1C7BEBB9007F5415 /* ContactsViewController.h */ = {isa = PBXFileReference; fileEncoding = 4; lastKnownFileType = sourcecode.c.h; path = ContactsViewController.h; sourceTree = "<group>"; };
		3F3FD19E1C7BEBB9007F5415 /* ContactsViewController.m */ = {isa = PBXFileReference; fileEncoding = 4; lastKnownFileType = sourcecode.c.objc; path = ContactsViewController.m; sourceTree = "<group>"; };
		3F3FD19F1C7BEBB9007F5415 /* ContactsViewController.xib */ = {isa = PBXFileReference; fileEncoding = 4; lastKnownFileType = file.xib; path = ContactsViewController.xib; sourceTree = "<group>"; };
		3F3FD1A21C7BEBC6007F5415 /* DiscoverViewController.h */ = {isa = PBXFileReference; fileEncoding = 4; lastKnownFileType = sourcecode.c.h; path = DiscoverViewController.h; sourceTree = "<group>"; };
		3F3FD1A31C7BEBC6007F5415 /* DiscoverViewController.m */ = {isa = PBXFileReference; fileEncoding = 4; lastKnownFileType = sourcecode.c.objc; path = DiscoverViewController.m; sourceTree = "<group>"; };
		3F3FD1A41C7BEBC6007F5415 /* DiscoverViewController.xib */ = {isa = PBXFileReference; fileEncoding = 4; lastKnownFileType = file.xib; path = DiscoverViewController.xib; sourceTree = "<group>"; };
		3F3FD1A71C7BEBD1007F5415 /* MeViewController.h */ = {isa = PBXFileReference; fileEncoding = 4; lastKnownFileType = sourcecode.c.h; path = MeViewController.h; sourceTree = "<group>"; };
		3F3FD1A81C7BEBD1007F5415 /* MeViewController.m */ = {isa = PBXFileReference; fileEncoding = 4; lastKnownFileType = sourcecode.c.objc; path = MeViewController.m; sourceTree = "<group>"; };
		3F3FD1A91C7BEBD1007F5415 /* MeViewController.xib */ = {isa = PBXFileReference; fileEncoding = 4; lastKnownFileType = file.xib; path = MeViewController.xib; sourceTree = "<group>"; };
		3F3FD1AC1C7BEBE5007F5415 /* WeiXinViewController.h */ = {isa = PBXFileReference; fileEncoding = 4; lastKnownFileType = sourcecode.c.h; path = WeiXinViewController.h; sourceTree = "<group>"; };
		3F3FD1AD1C7BEBE5007F5415 /* WeiXinViewController.m */ = {isa = PBXFileReference; fileEncoding = 4; lastKnownFileType = sourcecode.c.objc; path = WeiXinViewController.m; sourceTree = "<group>"; };
		3F3FD1AE1C7BEBE5007F5415 /* WeiXinViewController.xib */ = {isa = PBXFileReference; fileEncoding = 4; lastKnownFileType = file.xib; path = WeiXinViewController.xib; sourceTree = "<group>"; };
/* End PBXFileReference section */

/* Begin PBXFrameworksBuildPhase section */
		3F3FD1801C7BEA50007F5415 /* Frameworks */ = {
			isa = PBXFrameworksBuildPhase;
			buildActionMask = 2147483647;
			files = (
			);
			runOnlyForDeploymentPostprocessing = 0;
		};
/* End PBXFrameworksBuildPhase section */

/* Begin PBXGroup section */
		3F3FD17A1C7BEA50007F5415 = {
			isa = PBXGroup;
			children = (
				3F3FD1851C7BEA50007F5415 /* 10706微信TabBar */,
				3F3FD1841C7BEA50007F5415 /* Products */,
			);
			sourceTree = "<group>";
		};
		3F3FD1841C7BEA50007F5415 /* Products */ = {
			isa = PBXGroup;
			children = (
				3F3FD1831C7BEA50007F5415 /* 10706微信TabBar.app */,
			);
			name = Products;
			sourceTree = "<group>";
		};
		3F3FD1851C7BEA50007F5415 /* 10706微信TabBar */ = {
			isa = PBXGroup;
			children = (
				3F3FD1891C7BEA50007F5415 /* AppDelegate.h */,
				3F3FD18A1C7BEA50007F5415 /* AppDelegate.m */,
				3F3FD1AC1C7BEBE5007F5415 /* WeiXinViewController.h */,
				3F3FD1AD1C7BEBE5007F5415 /* WeiXinViewController.m */,
				3F3FD1AE1C7BEBE5007F5415 /* WeiXinViewController.xib */,
				3F3FD19D1C7BEBB9007F5415 /* ContactsViewController.h */,
				3F3FD19E1C7BEBB9007F5415 /* ContactsViewController.m */,
				3F3FD19F1C7BEBB9007F5415 /* ContactsViewController.xib */,
				3F3FD1A21C7BEBC6007F5415 /* DiscoverViewController.h */,
				3F3FD1A31C7BEBC6007F5415 /* DiscoverViewController.m */,
				3F3FD1A41C7BEBC6007F5415 /* DiscoverViewController.xib */,
				3F3FD1A71C7BEBD1007F5415 /* MeViewController.h */,
				3F3FD1A81C7BEBD1007F5415 /* MeViewController.m */,
				3F3FD1A91C7BEBD1007F5415 /* MeViewController.xib */,
				3F3FD1921C7BEA50007F5415 /* Assets.xcassets */,
				3F3FD1941C7BEA50007F5415 /* LaunchScreen.storyboard */,
				3F3FD1971C7BEA50007F5415 /* Info.plist */,
				3F3FD1861C7BEA50007F5415 /* Supporting Files */,
			);
			path = "10706微信TabBar";
			sourceTree = "<group>";
		};
		3F3FD1861C7BEA50007F5415 /* Supporting Files */ = {
			isa = PBXGroup;
			children = (
				3F3FD1871C7BEA50007F5415 /* main.m */,
			);
			name = "Supporting Files";
			sourceTree = "<group>";
		};
/* End PBXGroup section */

/* Begin PBXNativeTarget section */
		3F3FD1821C7BEA50007F5415 /* 10706微信TabBar */ = {
			isa = PBXNativeTarget;
			buildConfigurationList = 3F3FD19A1C7BEA50007F5415 /* Build configuration list for PBXNativeTarget "10706微信TabBar" */;
			buildPhases = (
				3F3FD17F1C7BEA50007F5415 /* Sources */,
				3F3FD1801C7BEA50007F5415 /* Frameworks */,
				3F3FD1811C7BEA50007F5415 /* Resources */,
			);
			buildRules = (
			);
			dependencies = (
			);
			name = "10706微信TabBar";
			productName = "10706微信TabBar";
			productReference = 3F3FD1831C7BEA50007F5415 /* 10706微信TabBar.app */;
			productType = "com.apple.product-type.application";
		};
/* End PBXNativeTarget section */

/* Begin PBXProject section */
		3F3FD17B1C7BEA50007F5415 /* Project object */ = {
			isa = PBXProject;
			attributes = {
				LastUpgradeCheck = 0720;
				ORGANIZATIONNAME = "马千里";
				TargetAttributes = {
					3F3FD1821C7BEA50007F5415 = {
						CreatedOnToolsVersion = 7.2;
						DevelopmentTeam = R9G6NSM985;
					};
				};
			};
			buildConfigurationList = 3F3FD17E1C7BEA50007F5415 /* Build configuration list for PBXProject "10706微信TabBar" */;
			compatibilityVersion = "Xcode 3.2";
			developmentRegion = English;
			hasScannedForEncodings = 0;
			knownRegions = (
				en,
				Base,
			);
			mainGroup = 3F3FD17A1C7BEA50007F5415;
			productRefGroup = 3F3FD1841C7BEA50007F5415 /* Products */;
			projectDirPath = "";
			projectRoot = "";
			targets = (
				3F3FD1821C7BEA50007F5415 /* 10706微信TabBar */,
			);
		};
/* End PBXProject section */

/* Begin PBXResourcesBuildPhase section */
		3F3FD1811C7BEA50007F5415 /* Resources */ = {
			isa = PBXResourcesBuildPhase;
			buildActionMask = 2147483647;
			files = (
				3F3FD1961C7BEA50007F5415 /* LaunchScreen.storyboard in Resources */,
				3F3FD1A61C7BEBC6007F5415 /* DiscoverViewController.xib in Resources */,
				3F3FD1B01C7BEBE5007F5415 /* WeiXinViewController.xib in Resources */,
				3F3FD1AB1C7BEBD1007F5415 /* MeViewController.xib in Resources */,
				3F3FD1A11C7BEBB9007F5415 /* ContactsViewController.xib in Resources */,
				3F3FD1931C7BEA50007F5415 /* Assets.xcassets in Resources */,
			);
			runOnlyForDeploymentPostprocessing = 0;
		};
/* End PBXResourcesBuildPhase section */

/* Begin PBXSourcesBuildPhase section */
		3F3FD17F1C7BEA50007F5415 /* Sources */ = {
			isa = PBXSourcesBuildPhase;
			buildActionMask = 2147483647;
			files = (
				3F3FD18B1C7BEA50007F5415 /* AppDelegate.m in Sources */,
				3F3FD1A51C7BEBC6007F5415 /* DiscoverViewController.m in Sources */,
				3F3FD1A01C7BEBB9007F5415 /* ContactsViewController.m in Sources */,
				3F3FD1881C7BEA50007F5415 /* main.m in Sources */,
				3F3FD1AF1C7BEBE5007F5415 /* WeiXinViewController.m in Sources */,
				3F3FD1AA1C7BEBD1007F5415 /* MeViewController.m in Sources */,
			);
			runOnlyForDeploymentPostprocessing = 0;
		};
/* End PBXSourcesBuildPhase section */

/* Begin PBXVariantGroup section */
		3F3FD1941C7BEA50007F5415 /* LaunchScreen.storyboard */ = {
			isa = PBXVariantGroup;
			children = (
				3F3FD1951C7BEA50007F5415 /* Base */,
			);
			name = LaunchScreen.storyboard;
			sourceTree = "<group>";
		};
/* End PBXVariantGroup section */

/* Begin XCBuildConfiguration section */
		3F3FD1981C7BEA50007F5415 /* Debug */ = {
			isa = XCBuildConfiguration;
			buildSettings = {
				ALWAYS_SEARCH_USER_PATHS = NO;
				CLANG_CXX_LANGUAGE_STANDARD = "gnu++0x";
				CLANG_CXX_LIBRARY = "libc++";
				CLANG_ENABLE_MODULES = YES;
				CLANG_ENABLE_OBJC_ARC = YES;
				CLANG_WARN_BOOL_CONVERSION = YES;
				CLANG_WARN_CONSTANT_CONVERSION = YES;
				CLANG_WARN_DIRECT_OBJC_ISA_USAGE = YES_ERROR;
				CLANG_WARN_EMPTY_BODY = YES;
				CLANG_WARN_ENUM_CONVERSION = YES;
				CLANG_WARN_INT_CONVERSION = YES;
				CLANG_WARN_OBJC_ROOT_CLASS = YES_ERROR;
				CLANG_WARN_UNREACHABLE_CODE = YES;
				CLANG_WARN__DUPLICATE_METHOD_MATCH = YES;
				"CODE_SIGN_IDENTITY[sdk=iphoneos*]" = "iPhone Developer";
				COPY_PHASE_STRIP = NO;
				DEBUG_INFORMATION_FORMAT = dwarf;
				ENABLE_STRICT_OBJC_MSGSEND = YES;
				ENABLE_TESTABILITY = YES;
				GCC_C_LANGUAGE_STANDARD = gnu99;
				GCC_DYNAMIC_NO_PIC = NO;
				GCC_NO_COMMON_BLOCKS = YES;
				GCC_OPTIMIZATION_LEVEL = 0;
				GCC_PREPROCESSOR_DEFINITIONS = (
					"DEBUG=1",
					"$(inherited)",
				);
				GCC_WARN_64_TO_32_BIT_CONVERSION = YES;
				GCC_WARN_ABOUT_RETURN_TYPE = YES_ERROR;
				GCC_WARN_UNDECLARED_SELECTOR = YES;
				GCC_WARN_UNINITIALIZED_AUTOS = YES_AGGRESSIVE;
				GCC_WARN_UNUSED_FUNCTION = YES;
				GCC_WARN_UNUSED_VARIABLE = YES;
				IPHONEOS_DEPLOYMENT_TARGET = 9.2;
				MTL_ENABLE_DEBUG_INFO = YES;
				ONLY_ACTIVE_ARCH = YES;
				SDKROOT = iphoneos;
			};
			name = Debug;
		};
		3F3FD1991C7BEA50007F5415 /* Release */ = {
			isa = XCBuildConfiguration;
			buildSettings = {
				ALWAYS_SEARCH_USER_PATHS = NO;
				CLANG_CXX_LANGUAGE_STANDARD = "gnu++0x";
				CLANG_CXX_LIBRARY = "libc++";
				CLANG_ENABLE_MODULES = YES;
				CLANG_ENABLE_OBJC_ARC = YES;
				CLANG_WARN_BOOL_CONVERSION = YES;
				CLANG_WARN_CONSTANT_CONVERSION = YES;
				CLANG_WARN_DIRECT_OBJC_ISA_USAGE = YES_ERROR;
				CLANG_WARN_EMPTY_BODY = YES;
				CLANG_WARN_ENUM_CONVERSION = YES;
				CLANG_WARN_INT_CONVERSION = YES;
				CLANG_WARN_OBJC_ROOT_CLASS = YES_ERROR;
				CLANG_WARN_UNREACHABLE_CODE = YES;
				CLANG_WARN__DUPLICATE_METHOD_MATCH = YES;
				"CODE_SIGN_IDENTITY[sdk=iphoneos*]" = "iPhone Developer";
				COPY_PHASE_STRIP = NO;
				DEBUG_INFORMATION_FORMAT = "dwarf-with-dsym";
				ENABLE_NS_ASSERTIONS = NO;
				ENABLE_STRICT_OBJC_MSGSEND = YES;
				GCC_C_LANGUAGE_STANDARD = gnu99;
				GCC_NO_COMMON_BLOCKS = YES;
				GCC_WARN_64_TO_32_BIT_CONVERSION = YES;
				GCC_WARN_ABOUT_RETURN_TYPE = YES_ERROR;
				GCC_WARN_UNDECLARED_SELECTOR = YES;
				GCC_WARN_UNINITIALIZED_AUTOS = YES_AGGRESSIVE;
				GCC_WARN_UNUSED_FUNCTION = YES;
				GCC_WARN_UNUSED_VARIABLE = YES;
				IPHONEOS_DEPLOYMENT_TARGET = 9.2;
				MTL_ENABLE_DEBUG_INFO = NO;
				SDKROOT = iphoneos;
				VALIDATE_PRODUCT = YES;
			};
			name = Release;
		};
		3F3FD19B1C7BEA50007F5415 /* Debug */ = {
			isa = XCBuildConfiguration;
			buildSettings = {
				ASSETCATALOG_COMPILER_APPICON_NAME = AppIcon;
				ASSETCATALOG_COMPILER_LAUNCHIMAGE_NAME = LaunchImage;
				INFOPLIST_FILE = "10706微信TabBar/Info.plist";
				LD_RUNPATH_SEARCH_PATHS = "$(inherited) @executable_path/Frameworks";
				PRODUCT_BUNDLE_IDENTIFIER = "com.mql.-0706--TabBar";
				PRODUCT_NAME = "$(TARGET_NAME)";
			};
			name = Debug;
		};
		3F3FD19C1C7BEA50007F5415 /* Release */ = {
			isa = XCBuildConfiguration;
			buildSettings = {
				ASSETCATALOG_COMPILER_APPICON_NAME = AppIcon;
				ASSETCATALOG_COMPILER_LAUNCHIMAGE_NAME = LaunchImage;
				INFOPLIST_FILE = "10706微信TabBar/Info.plist";
				LD_RUNPATH_SEARCH_PATHS = "$(inherited) @executable_path/Frameworks";
				PRODUCT_BUNDLE_IDENTIFIER = "com.mql.-0706--TabBar";
				PRODUCT_NAME = "$(TARGET_NAME)";
			};
			name = Release;
		};
/* End XCBuildConfiguration section */

/* Begin XCConfigurationList section */
		3F3FD17E1C7BEA50007F5415 /* Build configuration list for PBXProject "10706微信TabBar" */ = {
			isa = XCConfigurationList;
			buildConfigurations = (
				3F3FD1981C7BEA50007F5415 /* Debug */,
				3F3FD1991C7BEA50007F5415 /* Release */,
			);
			defaultConfigurationIsVisible = 0;
			defaultConfigurationName = Release;
		};
		3F3FD19A1C7BEA50007F5415 /* Build configuration list for PBXNativeTarget "10706微信TabBar" */ = {
			isa = XCConfigurationList;
			buildConfigurations = (
				3F3FD19B1C7BEA50007F5415 /* Debug */,
				3F3FD19C1C7BEA50007F5415 /* Release */,
			);
			defaultConfigurationIsVisible = 0;
			defaultConfigurationName = Release;
		};
/* End XCConfigurationList section */
	};
	rootObject = 3F3FD17B1C7BEA50007F5415 /* Project object */;
}
